
Microsoft Visual Studio Solution File, Format Version 12.00
Project("{FAE04EC0-301F-11D3-BF4B-00C04F79EFBC}") = "AWS_S3_Test", "AWS_S3_Test\AWS_S3_Test.csproj", "{1F6B10D6-D4FA-4767-972E-9B9246D6F848}"
EndProject
Global
	GlobalSection(SolutionConfigurationPlatforms) = preSolution
		Debug|Any CPU = Debug|Any CPU
		Release|Any CPU = Release|Any CPU
	EndGlobalSection
	GlobalSection(ProjectConfigurationPlatforms) = postSolution
		{1F6B10D6-D4FA-4767-972E-9B9246D6F848}.Debug|Any CPU.ActiveCfg = Debug|Any CPU
		{1F6B10D6-D4FA-4767-972E-9B9246D6F848}.Debug|Any CPU.Build.0 = Debug|Any CPU
		{1F6B10D6-D4FA-4767-972E-9B9246D6F848}.Release|Any CPU.ActiveCfg = Release|Any CPU
		{1F6B10D6-D4FA-4767-972E-9B9246D6F848}.Release|Any CPU.Build.0 = Release|Any CPU
	EndGlobalSection
EndGlobal
